<Solution>
  <Folder Name="/conversations-01-04/">
    <File Path=".ai/features/UC-26-BETJEN-VICO-MED-STEMMEN.md" />
    <File Path=".ai/features/UC-27-FAA-RELEVANTE-DELE-AF-APPEN-LAEST-OP.md" />
    <File Path=".ai/features/UC-28-BRUG-VICO-SOM-COMPANION.md" />
    <File Path=".ai/features/UC-29-TILPAS-VICOS-PERSONLIGHED-OG-ADFAERD.md" />
    <File Path=".ai/Roadcue.AI.Context/UC-01-FOERE-EN-NATURLIG-AI-SAMTALE.md" />
    <File Path=".ai/Roadcue.AI.Context/UC-02-FOERE-EN-SAMMENHAENGENDE-SAMTALE.md" />
    <File Path=".ai/Roadcue.AI.Context/UC-03-VAELGE-DATAKILDER-OG-TOOLS-AUTOMATISK.md" />
    <File Path=".ai/Roadcue.AI.Context/UC-04-HAANDTERE-MANGLENDE-ELLER-USIKKER-VIDEN.md" />
  </Folder>
  <Folder Name="/deploy/">
    <File Path=".github/workflows/azure-angular.yml" />
    <File Path=".github/workflows/azure-roadcue-api.yml" />
    <File Path=".github/workflows/azure-vico.yml" />
  </Folder>
  <Folder Name="/Tasks/">
    <File Path=".ai/tasks/TASK-2026-08-21-UC01-UDVID-ACCEPTKRITERIER.md" />
    <File Path=".ai/tasks/TASK-2026-08-21-UC02-SAMMENHAENGENDE-SAMTALE.md" />
    <File Path=".ai/tasks/TASK-2026-08-22-UC03-VAELGE-DATAKILDER-OG-TOOLS.md" />
    <File Path=".ai/tasks/TASK-2026-08-22-UC04-HAANDTERE-MANGLENDE-VIDEN.md" />
    <File Path=".ai/tasks/TASK-2026-08-23-UC26-VOICE-ANGULAR-UI.md" />
  </Folder>
  <Folder Name="/Voice-27-29/">
    <File Path=".ai/features/voice/UC-26-BETJEN-VICO-MED-STEMMEN.md" />
    <File Path=".ai/features/voice/UC-27-FAA-RELEVANTE-DELE-AF-APPEN-LAEST-OP.md" />
    <File Path=".ai/features/voice/UC-28-BRUG-VICO-SOM-COMPANION.md" />
    <File Path=".ai/features/voice/UC-29-TILPAS-VICOS-PERSONLIGHED-OG-ADFAERD.md" />
  </Folder>
  <Project Path=".ai/Roadcue.AI.Context/Roadcue.AI.Context.csproj" Id="95aa9eec-3732-49b9-8011-aac60617ee30" />
  <Project Path="src/Roadcue.Api/Roadcue.Api.csproj" />
  <Project Path="src/Roadcue.Application/Roadcue.Application.csproj" />
  <Project Path="src/Roadcue.Domain/Roadcue.Domain.csproj" />
  <Project Path="src/Roadcue.Infrastructure/Roadcue.Infrastructure.csproj" />
</Solution>
